// !$*UTF8*$!
{
	archiveVersion = 1;
	classes = {
	};
	objectVersion = 46;
	objects = {

/* Begin PBXBuildFile section */
		236D24EA1D865BAB000312BD /* LeftSingleViewController.m in Sources */ = {isa = PBXBuildFile; fileRef = 236D24E91D865BAB000312BD /* LeftSingleViewController.m */; };
		236D24EC1D865BB9000312BD /* LeftSingleViewController.storyboard in Resources */ = {isa = PBXBuildFile; fileRef = 236D24EB1D865BB9000312BD /* LeftSingleViewController.storyboard */; };
		236D24EF1D8675E8000312BD /* LeftSingleModel.m in Sources */ = {isa = PBXBuildFile; fileRef = 236D24EE1D8675E8000312BD /* LeftSingleModel.m */; };
		237986A21D6C621000509B39 /* NetWorkTools.m in Sources */ = {isa = PBXBuildFile; fileRef = 2379869F1D6C621000509B39 /* NetWorkTools.m */; };
		237986A31D6C621000509B39 /* NSString+Path.m in Sources */ = {isa = PBXBuildFile; fileRef = 237986A11D6C621000509B39 /* NSString+Path.m */; };
		2384520A1DAD096800E13765 /* UILabel+CustomLabel.m in Sources */ = {isa = PBXBuildFile; fileRef = 238452091DAD096800E13765 /* UILabel+CustomLabel.m */; };
		239F72EB1D6DB329001069B8 /* Starts.m in Sources */ = {isa = PBXBuildFile; fileRef = 239F72EA1D6DB329001069B8 /* Starts.m */; };
		23AC8DC81D70517400AB142F /* DetailTableViewCell.m in Sources */ = {isa = PBXBuildFile; fileRef = 23AC8DC71D70517400AB142F /* DetailTableViewCell.m */; };
		23AC8DCC1D7056DA00AB142F /* DetailCellModel.m in Sources */ = {isa = PBXBuildFile; fileRef = 23AC8DCB1D7056DA00AB142F /* DetailCellModel.m */; };
		23C659261D811093009014DF /* SeriaceModel.m in Sources */ = {isa = PBXBuildFile; fileRef = 23C659251D811093009014DF /* SeriaceModel.m */; };
		23CD36EB1D6AC02900B4FDCE /* DriverMain.storyboard in Resources */ = {isa = PBXBuildFile; fileRef = 23CD36EA1D6AC02900B4FDCE /* DriverMain.storyboard */; };
		23CD36EE1D6AC06800B4FDCE /* DriverMainViewController.m in Sources */ = {isa = PBXBuildFile; fileRef = 23CD36ED1D6AC06800B4FDCE /* DriverMainViewController.m */; };
		23CD36F11D6AC19A00B4FDCE /* HomeViewController.m in Sources */ = {isa = PBXBuildFile; fileRef = 23CD36F01D6AC19A00B4FDCE /* HomeViewController.m */; };
		23CD36F51D6AC5EE00B4FDCE /* WYCAdvert.m in Sources */ = {isa = PBXBuildFile; fileRef = 23CD36F41D6AC5EE00B4FDCE /* WYCAdvert.m */; };
		23CD36FC1D6ACEAC00B4FDCE /* HeadScrollView.m in Sources */ = {isa = PBXBuildFile; fileRef = 23CD36FB1D6ACEAC00B4FDCE /* HeadScrollView.m */; };
		23CD37021D6AD06300B4FDCE /* car1.jpg in Resources */ = {isa = PBXBuildFile; fileRef = 23CD36FE1D6AD06300B4FDCE /* car1.jpg */; };
		23CD37031D6AD06300B4FDCE /* car2.jpg in Resources */ = {isa = PBXBuildFile; fileRef = 23CD36FF1D6AD06300B4FDCE /* car2.jpg */; };
		23CD37041D6AD06300B4FDCE /* car3.jpg in Resources */ = {isa = PBXBuildFile; fileRef = 23CD37001D6AD06300B4FDCE /* car3.jpg */; };
		23CD37051D6AD06300B4FDCE /* car4.jpg in Resources */ = {isa = PBXBuildFile; fileRef = 23CD37011D6AD06300B4FDCE /* car4.jpg */; };
		981737FB1D731F680099787D /* LastModel.m in Sources */ = {isa = PBXBuildFile; fileRef = 981737FA1D731F680099787D /* LastModel.m */; };
		981737FF1D7328930099787D /* SinglePageViewController.m in Sources */ = {isa = PBXBuildFile; fileRef = 981737FE1D7328930099787D /* SinglePageViewController.m */; };
		981738011D73289C0099787D /* SinglePageViewController.storyboard in Resources */ = {isa = PBXBuildFile; fileRef = 981738001D73289C0099787D /* SinglePageViewController.storyboard */; };
		981CEDB01D69D400000EC30D /* main.m in Sources */ = {isa = PBXBuildFile; fileRef = 981CEDAF1D69D400000EC30D /* main.m */; };
		981CEDB31D69D400000EC30D /* AppDelegate.m in Sources */ = {isa = PBXBuildFile; fileRef = 981CEDB21D69D400000EC30D /* AppDelegate.m */; };
		981CEDBB1D69D400000EC30D /* Assets.xcassets in Resources */ = {isa = PBXBuildFile; fileRef = 981CEDBA1D69D400000EC30D /* Assets.xcassets */; };
		981CEDC91D69D400000EC30D /* DriverShowTests.m in Sources */ = {isa = PBXBuildFile; fileRef = 981CEDC81D69D400000EC30D /* DriverShowTests.m */; };
		981CEDD41D69D400000EC30D /* DriverShowUITests.m in Sources */ = {isa = PBXBuildFile; fileRef = 981CEDD31D69D400000EC30D /* DriverShowUITests.m */; };
		986C594A1D7149DE00B58572 /* CenterModel.m in Sources */ = {isa = PBXBuildFile; fileRef = 986C59491D7149DE00B58572 /* CenterModel.m */; };
		986C594E1D716D5B00B58572 /* LeftDetailViewController.m in Sources */ = {isa = PBXBuildFile; fileRef = 986C594D1D716D5B00B58572 /* LeftDetailViewController.m */; };
		986C59501D716D6A00B58572 /* LeftDetailViewController.storyboard in Resources */ = {isa = PBXBuildFile; fileRef = 986C594F1D716D6A00B58572 /* LeftDetailViewController.storyboard */; };
		986C59531D71732900B58572 /* LeftDetailTableViewCell.m in Sources */ = {isa = PBXBuildFile; fileRef = 986C59521D71732900B58572 /* LeftDetailTableViewCell.m */; };
		986C59561D7181E900B58572 /* ThridModel.m in Sources */ = {isa = PBXBuildFile; fileRef = 986C59551D7181E900B58572 /* ThridModel.m */; };
		986C595A1D71825100B58572 /* RightDetailViewController.m in Sources */ = {isa = PBXBuildFile; fileRef = 986C59591D71825100B58572 /* RightDetailViewController.m */; };
		986C595C1D71825800B58572 /* RightDetailViewController.storyboard in Resources */ = {isa = PBXBuildFile; fileRef = 986C595B1D71825800B58572 /* RightDetailViewController.storyboard */; };
		986C595F1D719C8400B58572 /* DetailPage.storyboard in Resources */ = {isa = PBXBuildFile; fileRef = 986C595E1D719C8400B58572 /* DetailPage.storyboard */; };
		986C59621D71A1D600B58572 /* DetailPageViewController.m in Sources */ = {isa = PBXBuildFile; fileRef = 986C59611D71A1D600B58572 /* DetailPageViewController.m */; };
		986C59651D71A32000B58572 /* DesModel.m in Sources */ = {isa = PBXBuildFile; fileRef = 986C59641D71A32000B58572 /* DesModel.m */; };
		986C59681D71D45100B58572 /* CustomButton.m in Sources */ = {isa = PBXBuildFile; fileRef = 986C59671D71D45100B58572 /* CustomButton.m */; };
		98BE806D1D6C8E6100CB7611 /* CenterDetail.storyboard in Resources */ = {isa = PBXBuildFile; fileRef = 98BE806C1D6C8E6100CB7611 /* CenterDetail.storyboard */; };
		98BE80701D6C8E8B00CB7611 /* CenterDetailViewController.m in Sources */ = {isa = PBXBuildFile; fileRef = 98BE806F1D6C8E8B00CB7611 /* CenterDetailViewController.m */; };
		E2A8687F72378AB2BD0B9E36 /* libPods-DriverShow.a in Frameworks */ = {isa = PBXBuildFile; fileRef = 94051C66D373B0AD2B6EA67F /* libPods-DriverShow.a */; };
/* End PBXBuildFile section */

/* Begin PBXContainerItemProxy section */
		981CEDC51D69D400000EC30D /* PBXContainerItemProxy */ = {
			isa = PBXContainerItemProxy;
			containerPortal = 981CEDA31D69D400000EC30D /* Project object */;
			proxyType = 1;
			remoteGlobalIDString = 981CEDAA1D69D400000EC30D;
			remoteInfo = DriverShow;
		};
		981CEDD01D69D400000EC30D /* PBXContainerItemProxy */ = {
			isa = PBXContainerItemProxy;
			containerPortal = 981CEDA31D69D400000EC30D /* Project object */;
			proxyType = 1;
			remoteGlobalIDString = 981CEDAA1D69D400000EC30D;
			remoteInfo = DriverShow;
		};
/* End PBXContainerItemProxy section */

/* Begin PBXFileReference section */
		0C2151CBF06872B9D97D5323 /* Pods-DriverShow.debug.xcconfig */ = {isa = PBXFileReference; includeInIndex = 1; lastKnownFileType = text.xcconfig; name = "Pods-DriverShow.debug.xcconfig"; path = "Pods/Target Support Files/Pods-DriverShow/Pods-DriverShow.debug.xcconfig"; sourceTree = "<group>"; };
		236D24E81D865BAB000312BD /* LeftSingleViewController.h */ = {isa = PBXFileReference; fileEncoding = 4; lastKnownFileType = sourcecode.c.h; path = LeftSingleViewController.h; sourceTree = "<group>"; };
		236D24E91D865BAB000312BD /* LeftSingleViewController.m */ = {isa = PBXFileReference; fileEncoding = 4; lastKnownFileType = sourcecode.c.objc; path = LeftSingleViewController.m; sourceTree = "<group>"; };
		236D24EB1D865BB9000312BD /* LeftSingleViewController.storyboard */ = {isa = PBXFileReference; fileEncoding = 4; lastKnownFileType = file.storyboard; path = LeftSingleViewController.storyboard; sourceTree = "<group>"; };
		236D24ED1D8675E8000312BD /* LeftSingleModel.h */ = {isa = PBXFileReference; fileEncoding = 4; lastKnownFileType = sourcecode.c.h; path = LeftSingleModel.h; sourceTree = "<group>"; };
		236D24EE1D8675E8000312BD /* LeftSingleModel.m */ = {isa = PBXFileReference; fileEncoding = 4; lastKnownFileType = sourcecode.c.objc; path = LeftSingleModel.m; sourceTree = "<group>"; };
		2379869E1D6C621000509B39 /* NetWorkTools.h */ = {isa = PBXFileReference; fileEncoding = 4; lastKnownFileType = sourcecode.c.h; path = NetWorkTools.h; sourceTree = "<group>"; };
		2379869F1D6C621000509B39 /* NetWorkTools.m */ = {isa = PBXFileReference; fileEncoding = 4; lastKnownFileType = sourcecode.c.objc; path = NetWorkTools.m; sourceTree = "<group>"; };
		237986A01D6C621000509B39 /* NSString+Path.h */ = {isa = PBXFileReference; fileEncoding = 4; lastKnownFileType = sourcecode.c.h; path = "NSString+Path.h"; sourceTree = "<group>"; };
		237986A11D6C621000509B39 /* NSString+Path.m */ = {isa = PBXFileReference; fileEncoding = 4; lastKnownFileType = sourcecode.c.objc; path = "NSString+Path.m"; sourceTree = "<group>"; };
		238452081DAD096800E13765 /* UILabel+CustomLabel.h */ = {isa = PBXFileReference; fileEncoding = 4; lastKnownFileType = sourcecode.c.h; path = "UILabel+CustomLabel.h"; sourceTree = "<group>"; };
		238452091DAD096800E13765 /* UILabel+CustomLabel.m */ = {isa = PBXFileReference; fileEncoding = 4; lastKnownFileType = sourcecode.c.objc; path = "UILabel+CustomLabel.m"; sourceTree = "<group>"; };
		239F72E91D6DB329001069B8 /* Starts.h */ = {isa = PBXFileReference; fileEncoding = 4; lastKnownFileType = sourcecode.c.h; path = Starts.h; sourceTree = "<group>"; };
		239F72EA1D6DB329001069B8 /* Starts.m */ = {isa = PBXFileReference; fileEncoding = 4; lastKnownFileType = sourcecode.c.objc; path = Starts.m; sourceTree = "<group>"; };
		23AC8DC61D70517400AB142F /* DetailTableViewCell.h */ = {isa = PBXFileReference; fileEncoding = 4; lastKnownFileType = sourcecode.c.h; path = DetailTableViewCell.h; sourceTree = "<group>"; };
		23AC8DC71D70517400AB142F /* DetailTableViewCell.m */ = {isa = PBXFileReference; fileEncoding = 4; lastKnownFileType = sourcecode.c.objc; path = DetailTableViewCell.m; sourceTree = "<group>"; };
		23AC8DCA1D7056DA00AB142F /* DetailCellModel.h */ = {isa = PBXFileReference; fileEncoding = 4; lastKnownFileType = sourcecode.c.h; path = DetailCellModel.h; sourceTree = "<group>"; };
		23AC8DCB1D7056DA00AB142F /* DetailCellModel.m */ = {isa = PBXFileReference; fileEncoding = 4; lastKnownFileType = sourcecode.c.objc; path = DetailCellModel.m; sourceTree = "<group>"; };
		23C659241D811093009014DF /* SeriaceModel.h */ = {isa = PBXFileReference; fileEncoding = 4; lastKnownFileType = sourcecode.c.h; path = SeriaceModel.h; sourceTree = "<group>"; };
		23C659251D811093009014DF /* SeriaceModel.m */ = {isa = PBXFileReference; fileEncoding = 4; lastKnownFileType = sourcecode.c.objc; path = SeriaceModel.m; sourceTree = "<group>"; };
		23CD36EA1D6AC02900B4FDCE /* DriverMain.storyboard */ = {isa = PBXFileReference; fileEncoding = 4; lastKnownFileType = file.storyboard; path = DriverMain.storyboard; sourceTree = "<group>"; };
		23CD36EC1D6AC06800B4FDCE /* DriverMainViewController.h */ = {isa = PBXFileReference; fileEncoding = 4; lastKnownFileType = sourcecode.c.h; path = DriverMainViewController.h; sourceTree = "<group>"; };
		23CD36ED1D6AC06800B4FDCE /* DriverMainViewController.m */ = {isa = PBXFileReference; fileEncoding = 4; lastKnownFileType = sourcecode.c.objc; path = DriverMainViewController.m; sourceTree = "<group>"; };
		23CD36EF1D6AC19A00B4FDCE /* HomeViewController.h */ = {isa = PBXFileReference; fileEncoding = 4; lastKnownFileType = sourcecode.c.h; path = HomeViewController.h; sourceTree = "<group>"; };
		23CD36F01D6AC19A00B4FDCE /* HomeViewController.m */ = {isa = PBXFileReference; fileEncoding = 4; lastKnownFileType = sourcecode.c.objc; path = HomeViewController.m; sourceTree = "<group>"; };
		23CD36F31D6AC5EE00B4FDCE /* WYCAdvert.h */ = {isa = PBXFileReference; fileEncoding = 4; lastKnownFileType = sourcecode.c.h; path = WYCAdvert.h; sourceTree = "<group>"; };
		23CD36F41D6AC5EE00B4FDCE /* WYCAdvert.m */ = {isa = PBXFileReference; fileEncoding = 4; lastKnownFileType = sourcecode.c.objc; path = WYCAdvert.m; sourceTree = "<group>"; };
		23CD36FA1D6ACEAC00B4FDCE /* HeadScrollView.h */ = {isa = PBXFileReference; fileEncoding = 4; lastKnownFileType = sourcecode.c.h; path = HeadScrollView.h; sourceTree = "<group>"; };
		23CD36FB1D6ACEAC00B4FDCE /* HeadScrollView.m */ = {isa = PBXFileReference; fileEncoding = 4; lastKnownFileType = sourcecode.c.objc; path = HeadScrollView.m; sourceTree = "<group>"; };
		23CD36FE1D6AD06300B4FDCE /* car1.jpg */ = {isa = PBXFileReference; lastKnownFileType = image.jpeg; path = car1.jpg; sourceTree = "<group>"; };
		23CD36FF1D6AD06300B4FDCE /* car2.jpg */ = {isa = PBXFileReference; lastKnownFileType = image.jpeg; path = car2.jpg; sourceTree = "<group>"; };
		23CD37001D6AD06300B4FDCE /* car3.jpg */ = {isa = PBXFileReference; lastKnownFileType = image.jpeg; path = car3.jpg; sourceTree = "<group>"; };
		23CD37011D6AD06300B4FDCE /* car4.jpg */ = {isa = PBXFileReference; lastKnownFileType = image.jpeg; path = car4.jpg; sourceTree = "<group>"; };
		94051C66D373B0AD2B6EA67F /* libPods-DriverShow.a */ = {isa = PBXFileReference; explicitFileType = archive.ar; includeInIndex = 0; path = "libPods-DriverShow.a"; sourceTree = BUILT_PRODUCTS_DIR; };
		981737F91D731F680099787D /* LastModel.h */ = {isa = PBXFileReference; fileEncoding = 4; lastKnownFileType = sourcecode.c.h; path = LastModel.h; sourceTree = "<group>"; };
		981737FA1D731F680099787D /* LastModel.m */ = {isa = PBXFileReference; fileEncoding = 4; lastKnownFileType = sourcecode.c.objc; path = LastModel.m; sourceTree = "<group>"; };
		981737FD1D7328930099787D /* SinglePageViewController.h */ = {isa = PBXFileReference; fileEncoding = 4; lastKnownFileType = sourcecode.c.h; path = SinglePageViewController.h; sourceTree = "<group>"; };
		981737FE1D7328930099787D /* SinglePageViewController.m */ = {isa = PBXFileReference; fileEncoding = 4; lastKnownFileType = sourcecode.c.objc; path = SinglePageViewController.m; sourceTree = "<group>"; };
		981738001D73289C0099787D /* SinglePageViewController.storyboard */ = {isa = PBXFileReference; fileEncoding = 4; lastKnownFileType = file.storyboard; path = SinglePageViewController.storyboard; sourceTree = "<group>"; };
		981CEDAB1D69D400000EC30D /* DriverShow.app */ = {isa = PBXFileReference; explicitFileType = wrapper.application; includeInIndex = 0; path = DriverShow.app; sourceTree = BUILT_PRODUCTS_DIR; };
		981CEDAF1D69D400000EC30D /* main.m */ = {isa = PBXFileReference; lastKnownFileType = sourcecode.c.objc; path = main.m; sourceTree = "<group>"; };
		981CEDB11D69D400000EC30D /* AppDelegate.h */ = {isa = PBXFileReference; lastKnownFileType = sourcecode.c.h; path = AppDelegate.h; sourceTree = "<group>"; };
		981CEDB21D69D400000EC30D /* AppDelegate.m */ = {isa = PBXFileReference; lastKnownFileType = sourcecode.c.objc; path = AppDelegate.m; sourceTree = "<group>"; };
		981CEDBA1D69D400000EC30D /* Assets.xcassets */ = {isa = PBXFileReference; lastKnownFileType = folder.assetcatalog; path = Assets.xcassets; sourceTree = "<group>"; };
		981CEDBF1D69D400000EC30D /* Info.plist */ = {isa = PBXFileReference; lastKnownFileType = text.plist.xml; path = Info.plist; sourceTree = "<group>"; };
		981CEDC41D69D400000EC30D /* DriverShowTests.xctest */ = {isa = PBXFileReference; explicitFileType = wrapper.cfbundle; includeInIndex = 0; path = DriverShowTests.xctest; sourceTree = BUILT_PRODUCTS_DIR; };
		981CEDC81D69D400000EC30D /* DriverShowTests.m */ = {isa = PBXFileReference; lastKnownFileType = sourcecode.c.objc; path = DriverShowTests.m; sourceTree = "<group>"; };
		981CEDCA1D69D400000EC30D /* Info.plist */ = {isa = PBXFileReference; lastKnownFileType = text.plist.xml; path = Info.plist; sourceTree = "<group>"; };
		981CEDCF1D69D400000EC30D /* DriverShowUITests.xctest */ = {isa = PBXFileReference; explicitFileType = wrapper.cfbundle; includeInIndex = 0; path = DriverShowUITests.xctest; sourceTree = BUILT_PRODUCTS_DIR; };
		981CEDD31D69D400000EC30D /* DriverShowUITests.m */ = {isa = PBXFileReference; lastKnownFileType = sourcecode.c.objc; path = DriverShowUITests.m; sourceTree = "<group>"; };
		981CEDD51D69D400000EC30D /* Info.plist */ = {isa = PBXFileReference; lastKnownFileType = text.plist.xml; path = Info.plist; sourceTree = "<group>"; };
		986C59481D7149DE00B58572 /* CenterModel.h */ = {isa = PBXFileReference; fileEncoding = 4; lastKnownFileType = sourcecode.c.h; path = CenterModel.h; sourceTree = "<group>"; };
		986C59491D7149DE00B58572 /* CenterModel.m */ = {isa = PBXFileReference; fileEncoding = 4; lastKnownFileType = sourcecode.c.objc; path = CenterModel.m; sourceTree = "<group>"; };
		986C594C1D716D5B00B58572 /* LeftDetailViewController.h */ = {isa = PBXFileReference; fileEncoding = 4; lastKnownFileType = sourcecode.c.h; path = LeftDetailViewController.h; sourceTree = "<group>"; };
		986C594D1D716D5B00B58572 /* LeftDetailViewController.m */ = {isa = PBXFileReference; fileEncoding = 4; lastKnownFileType = sourcecode.c.objc; path = LeftDetailViewController.m; sourceTree = "<group>"; };
		986C594F1D716D6A00B58572 /* LeftDetailViewController.storyboard */ = {isa = PBXFileReference; fileEncoding = 4; lastKnownFileType = file.storyboard; path = LeftDetailViewController.storyboard; sourceTree = "<group>"; };
		986C59511D71732900B58572 /* LeftDetailTableViewCell.h */ = {isa = PBXFileReference; fileEncoding = 4; lastKnownFileType = sourcecode.c.h; path = LeftDetailTableViewCell.h; sourceTree = "<group>"; };
		986C59521D71732900B58572 /* LeftDetailTableViewCell.m */ = {isa = PBXFileReference; fileEncoding = 4; lastKnownFileType = sourcecode.c.objc; path = LeftDetailTableViewCell.m; sourceTree = "<group>"; };
		986C59541D7181E900B58572 /* ThridModel.h */ = {isa = PBXFileReference; fileEncoding = 4; lastKnownFileType = sourcecode.c.h; path = ThridModel.h; sourceTree = "<group>"; };
		986C59551D7181E900B58572 /* ThridModel.m */ = {isa = PBXFileReference; fileEncoding = 4; lastKnownFileType = sourcecode.c.objc; path = ThridModel.m; sourceTree = "<group>"; };
		986C59581D71825100B58572 /* RightDetailViewController.h */ = {isa = PBXFileReference; fileEncoding = 4; lastKnownFileType = sourcecode.c.h; path = RightDetailViewController.h; sourceTree = "<group>"; };
		986C59591D71825100B58572 /* RightDetailViewController.m */ = {isa = PBXFileReference; fileEncoding = 4; lastKnownFileType = sourcecode.c.objc; path = RightDetailViewController.m; sourceTree = "<group>"; };
		986C595B1D71825800B58572 /* RightDetailViewController.storyboard */ = {isa = PBXFileReference; fileEncoding = 4; lastKnownFileType = file.storyboard; path = RightDetailViewController.storyboard; sourceTree = "<group>"; };
		986C595E1D719C8400B58572 /* DetailPage.storyboard */ = {isa = PBXFileReference; fileEncoding = 4; lastKnownFileType = file.storyboard; path = DetailPage.storyboard; sourceTree = "<group>"; };
		986C59601D71A1D600B58572 /* DetailPageViewController.h */ = {isa = PBXFileReference; fileEncoding = 4; lastKnownFileType = sourcecode.c.h; path = DetailPageViewController.h; sourceTree = "<group>"; };
		986C59611D71A1D600B58572 /* DetailPageViewController.m */ = {isa = PBXFileReference; fileEncoding = 4; lastKnownFileType = sourcecode.c.objc; path = DetailPageViewController.m; sourceTree = "<group>"; };
		986C59631D71A32000B58572 /* DesModel.h */ = {isa = PBXFileReference; fileEncoding = 4; lastKnownFileType = sourcecode.c.h; path = DesModel.h; sourceTree = "<group>"; };
		986C59641D71A32000B58572 /* DesModel.m */ = {isa = PBXFileReference; fileEncoding = 4; lastKnownFileType = sourcecode.c.objc; path = DesModel.m; sourceTree = "<group>"; };
		986C59661D71D45100B58572 /* CustomButton.h */ = {isa = PBXFileReference; fileEncoding = 4; lastKnownFileType = sourcecode.c.h; path = CustomButton.h; sourceTree = "<group>"; };
		986C59671D71D45100B58572 /* CustomButton.m */ = {isa = PBXFileReference; fileEncoding = 4; lastKnownFileType = sourcecode.c.objc; path = CustomButton.m; sourceTree = "<group>"; };
		98BE806C1D6C8E6100CB7611 /* CenterDetail.storyboard */ = {isa = PBXFileReference; fileEncoding = 4; lastKnownFileType = file.storyboard; path = CenterDetail.storyboard; sourceTree = "<group>"; };
		98BE806E1D6C8E8B00CB7611 /* CenterDetailViewController.h */ = {isa = PBXFileReference; fileEncoding = 4; lastKnownFileType = sourcecode.c.h; path = CenterDetailViewController.h; sourceTree = "<group>"; };
		98BE806F1D6C8E8B00CB7611 /* CenterDetailViewController.m */ = {isa = PBXFileReference; fileEncoding = 4; lastKnownFileType = sourcecode.c.objc; path = CenterDetailViewController.m; sourceTree = "<group>"; };
		B3404EDAE1DEC0943DC45C79 /* Pods-DriverShow.release.xcconfig */ = {isa = PBXFileReference; includeInIndex = 1; lastKnownFileType = text.xcconfig; name = "Pods-DriverShow.release.xcconfig"; path = "Pods/Target Support Files/Pods-DriverShow/Pods-DriverShow.release.xcconfig"; sourceTree = "<group>"; };
/* End PBXFileReference section */

/* Begin PBXFrameworksBuildPhase section */
		981CEDA81D69D400000EC30D /* Frameworks */ = {
			isa = PBXFrameworksBuildPhase;
			buildActionMask = 2147483647;
			files = (
				E2A8687F72378AB2BD0B9E36 /* libPods-DriverShow.a in Frameworks */,
			);
			runOnlyForDeploymentPostprocessing = 0;
		};
		981CEDC11D69D400000EC30D /* Frameworks */ = {
			isa = PBXFrameworksBuildPhase;
			buildActionMask = 2147483647;
			files = (
			);
			runOnlyForDeploymentPostprocessing = 0;
		};
		981CEDCC1D69D400000EC30D /* Frameworks */ = {
			isa = PBXFrameworksBuildPhase;
			buildActionMask = 2147483647;
			files = (
			);
			runOnlyForDeploymentPostprocessing = 0;
		};
/* End PBXFrameworksBuildPhase section */

/* Begin PBXGroup section */
		236D24E71D865B88000312BD /* SinglePage */ = {
			isa = PBXGroup;
			children = (
				236D24E81D865BAB000312BD /* LeftSingleViewController.h */,
				236D24E91D865BAB000312BD /* LeftSingleViewController.m */,
				236D24EB1D865BB9000312BD /* LeftSingleViewController.storyboard */,
			);
			name = SinglePage;
			sourceTree = "<group>";
		};
		237986931D6BE0A100509B39 /* Lib */ = {
			isa = PBXGroup;
			children = (
				2379869E1D6C621000509B39 /* NetWorkTools.h */,
				2379869F1D6C621000509B39 /* NetWorkTools.m */,
				237986A01D6C621000509B39 /* NSString+Path.h */,
				237986A11D6C621000509B39 /* NSString+Path.m */,
				238452081DAD096800E13765 /* UILabel+CustomLabel.h */,
				238452091DAD096800E13765 /* UILabel+CustomLabel.m */,
			);
			name = Lib;
			sourceTree = "<group>";
		};
		239F72E81D6DB2FF001069B8 /* Model */ = {
			isa = PBXGroup;
			children = (
				239F72E91D6DB329001069B8 /* Starts.h */,
				239F72EA1D6DB329001069B8 /* Starts.m */,
				23AC8DCA1D7056DA00AB142F /* DetailCellModel.h */,
				23AC8DCB1D7056DA00AB142F /* DetailCellModel.m */,
				986C59481D7149DE00B58572 /* CenterModel.h */,
				986C59491D7149DE00B58572 /* CenterModel.m */,
				986C59541D7181E900B58572 /* ThridModel.h */,
				986C59551D7181E900B58572 /* ThridModel.m */,
				986C59631D71A32000B58572 /* DesModel.h */,
				986C59641D71A32000B58572 /* DesModel.m */,
				981737F91D731F680099787D /* LastModel.h */,
				981737FA1D731F680099787D /* LastModel.m */,
				23C659241D811093009014DF /* SeriaceModel.h */,
				23C659251D811093009014DF /* SeriaceModel.m */,
				236D24ED1D8675E8000312BD /* LeftSingleModel.h */,
				236D24EE1D8675E8000312BD /* LeftSingleModel.m */,
			);
			name = Model;
			sourceTree = "<group>";
		};
		23CD36E91D6AC01B00B4FDCE /* Main */ = {
			isa = PBXGroup;
			children = (
				23CD36F61D6ACE0700B4FDCE /* HeadScroll */,
				23CD36F21D6AC5AC00B4FDCE /* SetAdvert */,
				23CD36EA1D6AC02900B4FDCE /* DriverMain.storyboard */,
				23CD36EC1D6AC06800B4FDCE /* DriverMainViewController.h */,
				23CD36ED1D6AC06800B4FDCE /* DriverMainViewController.m */,
				23CD36EF1D6AC19A00B4FDCE /* HomeViewController.h */,
				23CD36F01D6AC19A00B4FDCE /* HomeViewController.m */,
			);
			name = Main;
			sourceTree = "<group>";
		};
		23CD36F21D6AC5AC00B4FDCE /* SetAdvert */ = {
			isa = PBXGroup;
			children = (
				23CD36F31D6AC5EE00B4FDCE /* WYCAdvert.h */,
				23CD36F41D6AC5EE00B4FDCE /* WYCAdvert.m */,
			);
			name = SetAdvert;
			sourceTree = "<group>";
		};
		23CD36F61D6ACE0700B4FDCE /* HeadScroll */ = {
			isa = PBXGroup;
			children = (
				23CD36FD1D6AD06300B4FDCE /* ads */,
				23CD36FA1D6ACEAC00B4FDCE /* HeadScrollView.h */,
				23CD36FB1D6ACEAC00B4FDCE /* HeadScrollView.m */,
			);
			name = HeadScroll;
			sourceTree = "<group>";
		};
		23CD36FD1D6AD06300B4FDCE /* ads */ = {
			isa = PBXGroup;
			children = (
				23CD36FE1D6AD06300B4FDCE /* car1.jpg */,
				23CD36FF1D6AD06300B4FDCE /* car2.jpg */,
				23CD37001D6AD06300B4FDCE /* car3.jpg */,
				23CD37011D6AD06300B4FDCE /* car4.jpg */,
			);
			path = ads;
			sourceTree = "<group>";
		};
		2FD39F48897FA69C12832BD7 /* Pods */ = {
			isa = PBXGroup;
			children = (
				0C2151CBF06872B9D97D5323 /* Pods-DriverShow.debug.xcconfig */,
				B3404EDAE1DEC0943DC45C79 /* Pods-DriverShow.release.xcconfig */,
			);
			name = Pods;
			sourceTree = "<group>";
		};
		981737FC1D7328650099787D /* SinglePage */ = {
			isa = PBXGroup;
			children = (
				981737FD1D7328930099787D /* SinglePageViewController.h */,
				981737FE1D7328930099787D /* SinglePageViewController.m */,
				981738001D73289C0099787D /* SinglePageViewController.storyboard */,
			);
			name = SinglePage;
			sourceTree = "<group>";
		};
		981CEDA21D69D400000EC30D = {
			isa = PBXGroup;
			children = (
				981CEDAD1D69D400000EC30D /* DriverShow */,
				981CEDC71D69D400000EC30D /* DriverShowTests */,
				981CEDD21D69D400000EC30D /* DriverShowUITests */,
				981CEDAC1D69D400000EC30D /* Products */,
				2FD39F48897FA69C12832BD7 /* Pods */,
				9B75CB9BA4223AC4DAAB29F9 /* Frameworks */,
			);
			sourceTree = "<group>";
		};
		981CEDAC1D69D400000EC30D /* Products */ = {
			isa = PBXGroup;
			children = (
				981CEDAB1D69D400000EC30D /* DriverShow.app */,
				981CEDC41D69D400000EC30D /* DriverShowTests.xctest */,
				981CEDCF1D69D400000EC30D /* DriverShowUITests.xctest */,
			);
			name = Products;
			sourceTree = "<group>";
		};
		981CEDAD1D69D400000EC30D /* DriverShow */ = {
			isa = PBXGroup;
			children = (
				986C59571D71823200B58572 /* RightDetail */,
				986C594B1D716D0700B58572 /* LeftDetail */,
				239F72E81D6DB2FF001069B8 /* Model */,
				98BE806B1D6C8E4B00CB7611 /* CenterDetail */,
				237986931D6BE0A100509B39 /* Lib */,
				23CD36E91D6AC01B00B4FDCE /* Main */,
				981CEDB11D69D400000EC30D /* AppDelegate.h */,
				981CEDB21D69D400000EC30D /* AppDelegate.m */,
				981CEDBA1D69D400000EC30D /* Assets.xcassets */,
				981CEDBF1D69D400000EC30D /* Info.plist */,
				981CEDAE1D69D400000EC30D /* Supporting Files */,
			);
			path = DriverShow;
			sourceTree = "<group>";
		};
		981CEDAE1D69D400000EC30D /* Supporting Files */ = {
			isa = PBXGroup;
			children = (
				981CEDAF1D69D400000EC30D /* main.m */,
			);
			name = "Supporting Files";
			sourceTree = "<group>";
		};
		981CEDC71D69D400000EC30D /* DriverShowTests */ = {
			isa = PBXGroup;
			children = (
				981CEDC81D69D400000EC30D /* DriverShowTests.m */,
				981CEDCA1D69D400000EC30D /* Info.plist */,
			);
			path = DriverShowTests;
			sourceTree = "<group>";
		};
		981CEDD21D69D400000EC30D /* DriverShowUITests */ = {
			isa = PBXGroup;
			children = (
				981CEDD31D69D400000EC30D /* DriverShowUITests.m */,
				981CEDD51D69D400000EC30D /* Info.plist */,
			);
			path = DriverShowUITests;
			sourceTree = "<group>";
		};
		986C594B1D716D0700B58572 /* LeftDetail */ = {
			isa = PBXGroup;
			children = (
				236D24E71D865B88000312BD /* SinglePage */,
				986C594C1D716D5B00B58572 /* LeftDetailViewController.h */,
				986C594D1D716D5B00B58572 /* LeftDetailViewController.m */,
				986C594F1D716D6A00B58572 /* LeftDetailViewController.storyboard */,
				986C59511D71732900B58572 /* LeftDetailTableViewCell.h */,
				986C59521D71732900B58572 /* LeftDetailTableViewCell.m */,
			);
			name = LeftDetail;
			sourceTree = "<group>";
		};
		986C59571D71823200B58572 /* RightDetail */ = {
			isa = PBXGroup;
			children = (
				986C595D1D719C6C00B58572 /* DetailPage */,
				986C59581D71825100B58572 /* RightDetailViewController.h */,
				986C59591D71825100B58572 /* RightDetailViewController.m */,
				986C595B1D71825800B58572 /* RightDetailViewController.storyboard */,
			);
			name = RightDetail;
			sourceTree = "<group>";
		};
		986C595D1D719C6C00B58572 /* DetailPage */ = {
			isa = PBXGroup;
			children = (
				986C595E1D719C8400B58572 /* DetailPage.storyboard */,
				986C59601D71A1D600B58572 /* DetailPageViewController.h */,
				986C59611D71A1D600B58572 /* DetailPageViewController.m */,
			);
			name = DetailPage;
			sourceTree = "<group>";
		};
		98BE806B1D6C8E4B00CB7611 /* CenterDetail */ = {
			isa = PBXGroup;
			children = (
				981737FC1D7328650099787D /* SinglePage */,
				986C59661D71D45100B58572 /* CustomButton.h */,
				986C59671D71D45100B58572 /* CustomButton.m */,
				98BE806C1D6C8E6100CB7611 /* CenterDetail.storyboard */,
				98BE806E1D6C8E8B00CB7611 /* CenterDetailViewController.h */,
				98BE806F1D6C8E8B00CB7611 /* CenterDetailViewController.m */,
				23AC8DC61D70517400AB142F /* DetailTableViewCell.h */,
				23AC8DC71D70517400AB142F /* DetailTableViewCell.m */,
			);
			name = CenterDetail;
			sourceTree = "<group>";
		};
		9B75CB9BA4223AC4DAAB29F9 /* Frameworks */ = {
			isa = PBXGroup;
			children = (
				94051C66D373B0AD2B6EA67F /* libPods-DriverShow.a */,
			);
			name = Frameworks;
			sourceTree = "<group>";
		};
/* End PBXGroup section */

/* Begin PBXNativeTarget section */
		981CEDAA1D69D400000EC30D /* DriverShow */ = {
			isa = PBXNativeTarget;
			buildConfigurationList = 981CEDD81D69D400000EC30D /* Build configuration list for PBXNativeTarget "DriverShow" */;
			buildPhases = (
				15626CF9E323E70A002BE6CF /* [CP] Check Pods Manifest.lock */,
				981CEDA71D69D400000EC30D /* Sources */,
				981CEDA81D69D400000EC30D /* Frameworks */,
				981CEDA91D69D400000EC30D /* Resources */,
				EFB61B13C1510242BA76AFED /* [CP] Embed Pods Frameworks */,
				7BF63AA9F7E0A4B81EBC2BF0 /* [CP] Copy Pods Resources */,
			);
			buildRules = (
			);
			dependencies = (
			);
			name = DriverShow;
			productName = DriverShow;
			productReference = 981CEDAB1D69D400000EC30D /* DriverShow.app */;
			productType = "com.apple.product-type.application";
		};
		981CEDC31D69D400000EC30D /* DriverShowTests */ = {
			isa = PBXNativeTarget;
			buildConfigurationList = 981CEDDB1D69D400000EC30D /* Build configuration list for PBXNativeTarget "DriverShowTests" */;
			buildPhases = (
				981CEDC01D69D400000EC30D /* Sources */,
				981CEDC11D69D400000EC30D /* Frameworks */,
				981CEDC21D69D400000EC30D /* Resources */,
			);
			buildRules = (
			);
			dependencies = (
				981CEDC61D69D400000EC30D /* PBXTargetDependency */,
			);
			name = DriverShowTests;
			productName = DriverShowTests;
			productReference = 981CEDC41D69D400000EC30D /* DriverShowTests.xctest */;
			productType = "com.apple.product-type.bundle.unit-test";
		};
		981CEDCE1D69D400000EC30D /* DriverShowUITests */ = {
			isa = PBXNativeTarget;
			buildConfigurationList = 981CEDDE1D69D400000EC30D /* Build configuration list for PBXNativeTarget "DriverShowUITests" */;
			buildPhases = (
				981CEDCB1D69D400000EC30D /* Sources */,
				981CEDCC1D69D400000EC30D /* Frameworks */,
				981CEDCD1D69D400000EC30D /* Resources */,
			);
			buildRules = (
			);
			dependencies = (
				981CEDD11D69D400000EC30D /* PBXTargetDependency */,
			);
			name = DriverShowUITests;
			productName = DriverShowUITests;
			productReference = 981CEDCF1D69D400000EC30D /* DriverShowUITests.xctest */;
			productType = "com.apple.product-type.bundle.ui-testing";
		};
/* End PBXNativeTarget section */

/* Begin PBXProject section */
		981CEDA31D69D400000EC30D /* Project object */ = {
			isa = PBXProject;
			attributes = {
				LastUpgradeCheck = 0730;
				ORGANIZATIONNAME = "魏云超";
				TargetAttributes = {
					981CEDAA1D69D400000EC30D = {
						CreatedOnToolsVersion = 7.3.1;
						DevelopmentTeam = 358B5J757A;
					};
					981CEDC31D69D400000EC30D = {
						CreatedOnToolsVersion = 7.3.1;
						TestTargetID = 981CEDAA1D69D400000EC30D;
					};
					981CEDCE1D69D400000EC30D = {
						CreatedOnToolsVersion = 7.3.1;
						TestTargetID = 981CEDAA1D69D400000EC30D;
					};
				};
			};
			buildConfigurationList = 981CEDA61D69D400000EC30D /* Build configuration list for PBXProject "DriverShow" */;
			compatibilityVersion = "Xcode 3.2";
			developmentRegion = English;
			hasScannedForEncodings = 0;
			knownRegions = (
				en,
				Base,
			);
			mainGroup = 981CEDA21D69D400000EC30D;
			productRefGroup = 981CEDAC1D69D400000EC30D /* Products */;
			projectDirPath = "";
			projectRoot = "";
			targets = (
				981CEDAA1D69D400000EC30D /* DriverShow */,
				981CEDC31D69D400000EC30D /* DriverShowTests */,
				981CEDCE1D69D400000EC30D /* DriverShowUITests */,
			);
		};
/* End PBXProject section */

/* Begin PBXResourcesBuildPhase section */
		981CEDA91D69D400000EC30D /* Resources */ = {
			isa = PBXResourcesBuildPhase;
			buildActionMask = 2147483647;
			files = (
				981738011D73289C0099787D /* SinglePageViewController.storyboard in Resources */,
				23CD37051D6AD06300B4FDCE /* car4.jpg in Resources */,
				23CD37031D6AD06300B4FDCE /* car2.jpg in Resources */,
				23CD37021D6AD06300B4FDCE /* car1.jpg in Resources */,
				986C59501D716D6A00B58572 /* LeftDetailViewController.storyboard in Resources */,
				23CD36EB1D6AC02900B4FDCE /* DriverMain.storyboard in Resources */,
				981CEDBB1D69D400000EC30D /* Assets.xcassets in Resources */,
				986C595F1D719C8400B58572 /* DetailPage.storyboard in Resources */,
				98BE806D1D6C8E6100CB7611 /* CenterDetail.storyboard in Resources */,
				23CD37041D6AD06300B4FDCE /* car3.jpg in Resources */,
				986C595C1D71825800B58572 /* RightDetailViewController.storyboard in Resources */,
				236D24EC1D865BB9000312BD /* LeftSingleViewController.storyboard in Resources */,
			);
			runOnlyForDeploymentPostprocessing = 0;
		};
		981CEDC21D69D400000EC30D /* Resources */ = {
			isa = PBXResourcesBuildPhase;
			buildActionMask = 2147483647;
			files = (
			);
			runOnlyForDeploymentPostprocessing = 0;
		};
		981CEDCD1D69D400000EC30D /* Resources */ = {
			isa = PBXResourcesBuildPhase;
			buildActionMask = 2147483647;
			files = (
			);
			runOnlyForDeploymentPostprocessing = 0;
		};
/* End PBXResourcesBuildPhase section */

/* Begin PBXShellScriptBuildPhase section */
		15626CF9E323E70A002BE6CF /* [CP] Check Pods Manifest.lock */ = {
			isa = PBXShellScriptBuildPhase;
			buildActionMask = 2147483647;
			files = (
			);
			inputPaths = (
			);
			name = "[CP] Check Pods Manifest.lock";
			outputPaths = (
			);
			runOnlyForDeploymentPostprocessing = 0;
			shellPath = /bin/sh;
			shellScript = "diff \"${PODS_ROOT}/../Podfile.lock\" \"${PODS_ROOT}/Manifest.lock\" > /dev/null\nif [ $? != 0 ] ; then\n    # print error to STDERR\n    echo \"error: The sandbox is not in sync with the Podfile.lock. Run 'pod install' or update your CocoaPods installation.\" >&2\n    exit 1\nfi\n";
			showEnvVarsInLog = 0;
		};
		7BF63AA9F7E0A4B81EBC2BF0 /* [CP] Copy Pods Resources */ = {
			isa = PBXShellScriptBuildPhase;
			buildActionMask = 2147483647;
			files = (
			);
			inputPaths = (
			);
			name = "[CP] Copy Pods Resources";
			outputPaths = (
			);
			runOnlyForDeploymentPostprocessing = 0;
			shellPath = /bin/sh;
			shellScript = "\"${SRCROOT}/Pods/Target Support Files/Pods-DriverShow/Pods-DriverShow-resources.sh\"\n";
			showEnvVarsInLog = 0;
		};
		EFB61B13C1510242BA76AFED /* [CP] Embed Pods Frameworks */ = {
			isa = PBXShellScriptBuildPhase;
			buildActionMask = 2147483647;
			files = (
			);
			inputPaths = (
			);
			name = "[CP] Embed Pods Frameworks";
			outputPaths = (
			);
			runOnlyForDeploymentPostprocessing = 0;
			shellPath = /bin/sh;
			shellScript = "\"${SRCROOT}/Pods/Target Support Files/Pods-DriverShow/Pods-DriverShow-frameworks.sh\"\n";
			showEnvVarsInLog = 0;
		};
/* End PBXShellScriptBuildPhase section */

/* Begin PBXSourcesBuildPhase section */
		981CEDA71D69D400000EC30D /* Sources */ = {
			isa = PBXSourcesBuildPhase;
			buildActionMask = 2147483647;
			files = (
				23CD36FC1D6ACEAC00B4FDCE /* HeadScrollView.m in Sources */,
				23CD36F51D6AC5EE00B4FDCE /* WYCAdvert.m in Sources */,
				239F72EB1D6DB329001069B8 /* Starts.m in Sources */,
				986C59561D7181E900B58572 /* ThridModel.m in Sources */,
				23AC8DC81D70517400AB142F /* DetailTableViewCell.m in Sources */,
				986C594E1D716D5B00B58572 /* LeftDetailViewController.m in Sources */,
				986C594A1D7149DE00B58572 /* CenterModel.m in Sources */,
				23CD36EE1D6AC06800B4FDCE /* DriverMainViewController.m in Sources */,
				986C595A1D71825100B58572 /* RightDetailViewController.m in Sources */,
				236D24EA1D865BAB000312BD /* LeftSingleViewController.m in Sources */,
				237986A31D6C621000509B39 /* NSString+Path.m in Sources */,
				986C59531D71732900B58572 /* LeftDetailTableViewCell.m in Sources */,
				236D24EF1D8675E8000312BD /* LeftSingleModel.m in Sources */,
				986C59651D71A32000B58572 /* DesModel.m in Sources */,
				981CEDB31D69D400000EC30D /* AppDelegate.m in Sources */,
				981737FF1D7328930099787D /* SinglePageViewController.m in Sources */,
				237986A21D6C621000509B39 /* NetWorkTools.m in Sources */,
				23AC8DCC1D7056DA00AB142F /* DetailCellModel.m in Sources */,
				23CD36F11D6AC19A00B4FDCE /* HomeViewController.m in Sources */,
				986C59681D71D45100B58572 /* CustomButton.m in Sources */,
				2384520A1DAD096800E13765 /* UILabel+CustomLabel.m in Sources */,
				98BE80701D6C8E8B00CB7611 /* CenterDetailViewController.m in Sources */,
				981737FB1D731F680099787D /* LastModel.m in Sources */,
				986C59621D71A1D600B58572 /* DetailPageViewController.m in Sources */,
				981CEDB01D69D400000EC30D /* main.m in Sources */,
				23C659261D811093009014DF /* SeriaceModel.m in Sources */,
			);
			runOnlyForDeploymentPostprocessing = 0;
		};
		981CEDC01D69D400000EC30D /* Sources */ = {
			isa = PBXSourcesBuildPhase;
			buildActionMask = 2147483647;
			files = (
				981CEDC91D69D400000EC30D /* DriverShowTests.m in Sources */,
			);
			runOnlyForDeploymentPostprocessing = 0;
		};
		981CEDCB1D69D400000EC30D /* Sources */ = {
			isa = PBXSourcesBuildPhase;
			buildActionMask = 2147483647;
			files = (
				981CEDD41D69D400000EC30D /* DriverShowUITests.m in Sources */,
			);
			runOnlyForDeploymentPostprocessing = 0;
		};
/* End PBXSourcesBuildPhase section */

/* Begin PBXTargetDependency section */
		981CEDC61D69D400000EC30D /* PBXTargetDependency */ = {
			isa = PBXTargetDependency;
			target = 981CEDAA1D69D400000EC30D /* DriverShow */;
			targetProxy = 981CEDC51D69D400000EC30D /* PBXContainerItemProxy */;
		};
		981CEDD11D69D400000EC30D /* PBXTargetDependency */ = {
			isa = PBXTargetDependency;
			target = 981CEDAA1D69D400000EC30D /* DriverShow */;
			targetProxy = 981CEDD01D69D400000EC30D /* PBXContainerItemProxy */;
		};
/* End PBXTargetDependency section */

/* Begin XCBuildConfiguration section */
		981CEDD61D69D400000EC30D /* Debug */ = {
			isa = XCBuildConfiguration;
			buildSettings = {
				ALWAYS_SEARCH_USER_PATHS = NO;
				CLANG_ANALYZER_NONNULL = YES;
				CLANG_CXX_LANGUAGE_STANDARD = "gnu++0x";
				CLANG_CXX_LIBRARY = "libc++";
				CLANG_ENABLE_MODULES = YES;
				CLANG_ENABLE_OBJC_ARC = YES;
				CLANG_WARN_BOOL_CONVERSION = YES;
				CLANG_WARN_CONSTANT_CONVERSION = YES;
				CLANG_WARN_DIRECT_OBJC_ISA_USAGE = YES_ERROR;
				CLANG_WARN_EMPTY_BODY = YES;
				CLANG_WARN_ENUM_CONVERSION = YES;
				CLANG_WARN_INT_CONVERSION = YES;
				CLANG_WARN_OBJC_ROOT_CLASS = YES_ERROR;
				CLANG_WARN_UNREACHABLE_CODE = YES;
				CLANG_WARN__DUPLICATE_METHOD_MATCH = YES;
				"CODE_SIGN_IDENTITY[sdk=iphoneos*]" = "iPhone Developer";
				COPY_PHASE_STRIP = NO;
				DEBUG_INFORMATION_FORMAT = dwarf;
				ENABLE_STRICT_OBJC_MSGSEND = YES;
				ENABLE_TESTABILITY = YES;
				GCC_C_LANGUAGE_STANDARD = gnu99;
				GCC_DYNAMIC_NO_PIC = NO;
				GCC_NO_COMMON_BLOCKS = YES;
				GCC_OPTIMIZATION_LEVEL = 0;
				GCC_PREPROCESSOR_DEFINITIONS = (
					"DEBUG=1",
					"$(inherited)",
				);
				GCC_WARN_64_TO_32_BIT_CONVERSION = YES;
				GCC_WARN_ABOUT_RETURN_TYPE = YES_ERROR;
				GCC_WARN_UNDECLARED_SELECTOR = YES;
				GCC_WARN_UNINITIALIZED_AUTOS = YES_AGGRESSIVE;
				GCC_WARN_UNUSED_FUNCTION = YES;
				GCC_WARN_UNUSED_VARIABLE = YES;
				IPHONEOS_DEPLOYMENT_TARGET = 9.3;
				MTL_ENABLE_DEBUG_INFO = YES;
				ONLY_ACTIVE_ARCH = YES;
				PRODUCT_NAME = "MX超跑";
				SDKROOT = iphoneos;
			};
			name = Debug;
		};
		981CEDD71D69D400000EC30D /* Release */ = {
			isa = XCBuildConfiguration;
			buildSettings = {
				ALWAYS_SEARCH_USER_PATHS = NO;
				CLANG_ANALYZER_NONNULL = YES;
				CLANG_CXX_LANGUAGE_STANDARD = "gnu++0x";
				CLANG_CXX_LIBRARY = "libc++";
				CLANG_ENABLE_MODULES = YES;
				CLANG_ENABLE_OBJC_ARC = YES;
				CLANG_WARN_BOOL_CONVERSION = YES;
				CLANG_WARN_CONSTANT_CONVERSION = YES;
				CLANG_WARN_DIRECT_OBJC_ISA_USAGE = YES_ERROR;
				CLANG_WARN_EMPTY_BODY = YES;
				CLANG_WARN_ENUM_CONVERSION = YES;
				CLANG_WARN_INT_CONVERSION = YES;
				CLANG_WARN_OBJC_ROOT_CLASS = YES_ERROR;
				CLANG_WARN_UNREACHABLE_CODE = YES;
				CLANG_WARN__DUPLICATE_METHOD_MATCH = YES;
				"CODE_SIGN_IDENTITY[sdk=iphoneos*]" = "iPhone Developer";
				COPY_PHASE_STRIP = NO;
				DEBUG_INFORMATION_FORMAT = "dwarf-with-dsym";
				ENABLE_NS_ASSERTIONS = NO;
				ENABLE_STRICT_OBJC_MSGSEND = YES;
				GCC_C_LANGUAGE_STANDARD = gnu99;
				GCC_NO_COMMON_BLOCKS = YES;
				GCC_WARN_64_TO_32_BIT_CONVERSION = YES;
				GCC_WARN_ABOUT_RETURN_TYPE = YES_ERROR;
				GCC_WARN_UNDECLARED_SELECTOR = YES;
				GCC_WARN_UNINITIALIZED_AUTOS = YES_AGGRESSIVE;
				GCC_WARN_UNUSED_FUNCTION = YES;
				GCC_WARN_UNUSED_VARIABLE = YES;
				IPHONEOS_DEPLOYMENT_TARGET = 9.3;
				MTL_ENABLE_DEBUG_INFO = NO;
				PRODUCT_NAME = "MX超跑";
				SDKROOT = iphoneos;
				VALIDATE_PRODUCT = YES;
			};
			name = Release;
		};
		981CEDD91D69D400000EC30D /* Debug */ = {
			isa = XCBuildConfiguration;
			baseConfigurationReference = 0C2151CBF06872B9D97D5323 /* Pods-DriverShow.debug.xcconfig */;
			buildSettings = {
				ASSETCATALOG_COMPILER_APPICON_NAME = AppIcon;
				ASSETCATALOG_COMPILER_LAUNCHIMAGE_NAME = LaunchImage;
				CODE_SIGN_IDENTITY = "iPhone Developer";
				"CODE_SIGN_IDENTITY[sdk=iphoneos*]" = "iPhone Developer";
				INFOPLIST_FILE = DriverShow/Info.plist;
				IPHONEOS_DEPLOYMENT_TARGET = 9.3;
				LD_RUNPATH_SEARCH_PATHS = "$(inherited) @executable_path/Frameworks";
				PRODUCT_BUNDLE_IDENTIFIER = wyc.DriverShow2;
				PRODUCT_NAME = "$(TARGET_NAME)";
				PROVISIONING_PROFILE = "";
				USER_HEADER_SEARCH_PATHS = "$(PODS_ROOT)/**";
			};
			name = Debug;
		};
		981CEDDA1D69D400000EC30D /* Release */ = {
			isa = XCBuildConfiguration;
			baseConfigurationReference = B3404EDAE1DEC0943DC45C79 /* Pods-DriverShow.release.xcconfig */;
			buildSettings = {
				ASSETCATALOG_COMPILER_APPICON_NAME = AppIcon;
				ASSETCATALOG_COMPILER_LAUNCHIMAGE_NAME = LaunchImage;
				CODE_SIGN_IDENTITY = "iPhone Developer";
				"CODE_SIGN_IDENTITY[sdk=iphoneos*]" = "iPhone Developer";
				INFOPLIST_FILE = DriverShow/Info.plist;
				IPHONEOS_DEPLOYMENT_TARGET = 9.3;
				LD_RUNPATH_SEARCH_PATHS = "$(inherited) @executable_path/Frameworks";
				PRODUCT_BUNDLE_IDENTIFIER = wyc.DriverShow2;
				PRODUCT_NAME = "$(TARGET_NAME)";
				PROVISIONING_PROFILE = "";
				USER_HEADER_SEARCH_PATHS = "$(PODS_ROOT)/**";
			};
			name = Release;
		};
		981CEDDC1D69D400000EC30D /* Debug */ = {
			isa = XCBuildConfiguration;
			buildSettings = {
				BUNDLE_LOADER = "$(TEST_HOST)";
				INFOPLIST_FILE = DriverShowTests/Info.plist;
				LD_RUNPATH_SEARCH_PATHS = "$(inherited) @executable_path/Frameworks @loader_path/Frameworks";
				PRODUCT_BUNDLE_IDENTIFIER = wyc.DriverShowTests;
				PRODUCT_NAME = "$(TARGET_NAME)";
				TEST_HOST = "$(BUILT_PRODUCTS_DIR)/DriverShow.app/DriverShow";
			};
			name = Debug;
		};
		981CEDDD1D69D400000EC30D /* Release */ = {
			isa = XCBuildConfiguration;
			buildSettings = {
				BUNDLE_LOADER = "$(TEST_HOST)";
				INFOPLIST_FILE = DriverShowTests/Info.plist;
				LD_RUNPATH_SEARCH_PATHS = "$(inherited) @executable_path/Frameworks @loader_path/Frameworks";
				PRODUCT_BUNDLE_IDENTIFIER = wyc.DriverShowTests;
				PRODUCT_NAME = "$(TARGET_NAME)";
				TEST_HOST = "$(BUILT_PRODUCTS_DIR)/DriverShow.app/DriverShow";
			};
			name = Release;
		};
		981CEDDF1D69D400000EC30D /* Debug */ = {
			isa = XCBuildConfiguration;
			buildSettings = {
				INFOPLIST_FILE = DriverShowUITests/Info.plist;
				LD_RUNPATH_SEARCH_PATHS = "$(inherited) @executable_path/Frameworks @loader_path/Frameworks";
				PRODUCT_BUNDLE_IDENTIFIER = wyc.DriverShowUITests;
				PRODUCT_NAME = "$(TARGET_NAME)";
				TEST_TARGET_NAME = DriverShow;
			};
			name = Debug;
		};
		981CEDE01D69D400000EC30D /* Release */ = {
			isa = XCBuildConfiguration;
			buildSettings = {
				INFOPLIST_FILE = DriverShowUITests/Info.plist;
				LD_RUNPATH_SEARCH_PATHS = "$(inherited) @executable_path/Frameworks @loader_path/Frameworks";
				PRODUCT_BUNDLE_IDENTIFIER = wyc.DriverShowUITests;
				PRODUCT_NAME = "$(TARGET_NAME)";
				TEST_TARGET_NAME = DriverShow;
			};
			name = Release;
		};
/* End XCBuildConfiguration section */

/* Begin XCConfigurationList section */
		981CEDA61D69D400000EC30D /* Build configuration list for PBXProject "DriverShow" */ = {
			isa = XCConfigurationList;
			buildConfigurations = (
				981CEDD61D69D400000EC30D /* Debug */,
				981CEDD71D69D400000EC30D /* Release */,
			);
			defaultConfigurationIsVisible = 0;
			defaultConfigurationName = Release;
		};
		981CEDD81D69D400000EC30D /* Build configuration list for PBXNativeTarget "DriverShow" */ = {
			isa = XCConfigurationList;
			buildConfigurations = (
				981CEDD91D69D400000EC30D /* Debug */,
				981CEDDA1D69D400000EC30D /* Release */,
			);
			defaultConfigurationIsVisible = 0;
			defaultConfigurationName = Release;
		};
		981CEDDB1D69D400000EC30D /* Build configuration list for PBXNativeTarget "DriverShowTests" */ = {
			isa = XCConfigurationList;
			buildConfigurations = (
				981CEDDC1D69D400000EC30D /* Debug */,
				981CEDDD1D69D400000EC30D /* Release */,
			);
			defaultConfigurationIsVisible = 0;
			defaultConfigurationName = Release;
		};
		981CEDDE1D69D400000EC30D /* Build configuration list for PBXNativeTarget "DriverShowUITests" */ = {
			isa = XCConfigurationList;
			buildConfigurations = (
				981CEDDF1D69D400000EC30D /* Debug */,
				981CEDE01D69D400000EC30D /* Release */,
			);
			defaultConfigurationIsVisible = 0;
			defaultConfigurationName = Release;
		};
/* End XCConfigurationList section */
	};
	rootObject = 981CEDA31D69D400000EC30D /* Project object */;
}
